// !$*UTF8*$!
{
	archiveVersion = 1;
	classes = {
	};
	objectVersion = 50;
	objects = {

/* Begin PBXBuildFile section */
		04427743269BEBD500B6CD66 /* TrackCell.swift in Sources */ = {isa = PBXBuildFile; fileRef = 04427742269BEBD500B6CD66 /* TrackCell.swift */; };
		04427745269BEDB200B6CD66 /* CGFloat+Offset.swift in Sources */ = {isa = PBXBuildFile; fileRef = 04427744269BEDB200B6CD66 /* CGFloat+Offset.swift */; };
		0463BE91269C08D80087FEF8 /* ZeroDataView.swift in Sources */ = {isa = PBXBuildFile; fileRef = 0463BE90269C08D80087FEF8 /* ZeroDataView.swift */; };
		0463BE94269C0AE30087FEF8 /* SearchFooterView.swift in Sources */ = {isa = PBXBuildFile; fileRef = 0463BE93269C0AE30087FEF8 /* SearchFooterView.swift */; };
		5C054B0E269CAF5100B42E76 /* TrackDetailsView.swift in Sources */ = {isa = PBXBuildFile; fileRef = 5C054B0D269CAF5000B42E76 /* TrackDetailsView.swift */; };
		5C054B36269CB33500B42E76 /* TrackDetailsVC.swift in Sources */ = {isa = PBXBuildFile; fileRef = 5C054B35269CB33500B42E76 /* TrackDetailsVC.swift */; };
		5C054B89269CB9AE00B42E76 /* HasRootView.swift in Sources */ = {isa = PBXBuildFile; fileRef = 5C054B88269CB9AE00B42E76 /* HasRootView.swift */; };
		5C5CB7B82693FB050093E1AD /* TrackModel.swift in Sources */ = {isa = PBXBuildFile; fileRef = 5C5CB7B72693FB050093E1AD /* TrackModel.swift */; };
		5CA4BF212692AAE0002C3D3E /* AppDelegate.swift in Sources */ = {isa = PBXBuildFile; fileRef = 5CA4BF202692AAE0002C3D3E /* AppDelegate.swift */; };
		5CA4BF232692AAE0002C3D3E /* SceneDelegate.swift in Sources */ = {isa = PBXBuildFile; fileRef = 5CA4BF222692AAE0002C3D3E /* SceneDelegate.swift */; };
		5CA4BF252692AAE0002C3D3E /* LibraryVC.swift in Sources */ = {isa = PBXBuildFile; fileRef = 5CA4BF242692AAE0002C3D3E /* LibraryVC.swift */; };
		5CA4BF2A2692AAE3002C3D3E /* Assets.xcassets in Resources */ = {isa = PBXBuildFile; fileRef = 5CA4BF292692AAE3002C3D3E /* Assets.xcassets */; };
		5CA4BF2D2692AAE3002C3D3E /* LaunchScreen.storyboard in Resources */ = {isa = PBXBuildFile; fileRef = 5CA4BF2B2692AAE3002C3D3E /* LaunchScreen.storyboard */; };
		5CC9FDF6269405EC0071AF5E /* SearchResponse.swift in Sources */ = {isa = PBXBuildFile; fileRef = 5CC9FDF5269405EC0071AF5E /* SearchResponse.swift */; };
		5CC9FE272697EF5A0071AF5E /* NetworkService.swift in Sources */ = {isa = PBXBuildFile; fileRef = 5CC9FE262697EF5A0071AF5E /* NetworkService.swift */; };
		5CF797272692BC6000582FF0 /* MainTabBarVC.swift in Sources */ = {isa = PBXBuildFile; fileRef = 5CF797262692BC6000582FF0 /* MainTabBarVC.swift */; };
		5CF8B8AB2697F51F0075B7AC /* SearchPresenter.swift in Sources */ = {isa = PBXBuildFile; fileRef = 5CF8B8A42697F51F0075B7AC /* SearchPresenter.swift */; };
		5CF8B8AC2697F51F0075B7AC /* SearchWorker.swift in Sources */ = {isa = PBXBuildFile; fileRef = 5CF8B8A52697F51F0075B7AC /* SearchWorker.swift */; };
		5CF8B8AD2697F51F0075B7AC /* SearchRouter.swift in Sources */ = {isa = PBXBuildFile; fileRef = 5CF8B8A62697F51F0075B7AC /* SearchRouter.swift */; };
		5CF8B8AE2697F51F0075B7AC /* SearchModels.swift in Sources */ = {isa = PBXBuildFile; fileRef = 5CF8B8A72697F51F0075B7AC /* SearchModels.swift */; };
		5CF8B8AF2697F51F0075B7AC /* SearchViewController.swift in Sources */ = {isa = PBXBuildFile; fileRef = 5CF8B8A82697F51F0075B7AC /* SearchViewController.swift */; };
		5CF8B8B02697F51F0075B7AC /* SearchInteractor.swift in Sources */ = {isa = PBXBuildFile; fileRef = 5CF8B8A92697F51F0075B7AC /* SearchInteractor.swift */; };
		5CF8B8B52697F6860075B7AC /* SearchViewController.storyboard in Resources */ = {isa = PBXBuildFile; fileRef = 5CF8B8B42697F6860075B7AC /* SearchViewController.storyboard */; };
		5CF8B8BB2697F9080075B7AC /* UIViewController+Storyboard.swift in Sources */ = {isa = PBXBuildFile; fileRef = 5CF8B8BA2697F9080075B7AC /* UIViewController+Storyboard.swift */; };
		AE10D238C3AE1F479EFC8D25 /* libPods-MusicApp.a in Frameworks */ = {isa = PBXBuildFile; fileRef = D5779A22197A61DA05A94173 /* libPods-MusicApp.a */; };
/* End PBXBuildFile section */

/* Begin PBXFileReference section */
		04427742269BEBD500B6CD66 /* TrackCell.swift */ = {isa = PBXFileReference; lastKnownFileType = sourcecode.swift; path = TrackCell.swift; sourceTree = "<group>"; };
		04427744269BEDB200B6CD66 /* CGFloat+Offset.swift */ = {isa = PBXFileReference; lastKnownFileType = sourcecode.swift; path = "CGFloat+Offset.swift"; sourceTree = "<group>"; };
		0463BE90269C08D80087FEF8 /* ZeroDataView.swift */ = {isa = PBXFileReference; lastKnownFileType = sourcecode.swift; path = ZeroDataView.swift; sourceTree = "<group>"; };
		0463BE93269C0AE30087FEF8 /* SearchFooterView.swift */ = {isa = PBXFileReference; lastKnownFileType = sourcecode.swift; path = SearchFooterView.swift; sourceTree = "<group>"; };
		5C054B0D269CAF5000B42E76 /* TrackDetailsView.swift */ = {isa = PBXFileReference; lastKnownFileType = sourcecode.swift; path = TrackDetailsView.swift; sourceTree = "<group>"; };
		5C054B35269CB33500B42E76 /* TrackDetailsVC.swift */ = {isa = PBXFileReference; lastKnownFileType = sourcecode.swift; path = TrackDetailsVC.swift; sourceTree = "<group>"; };
		5C054B88269CB9AE00B42E76 /* HasRootView.swift */ = {isa = PBXFileReference; lastKnownFileType = sourcecode.swift; path = HasRootView.swift; sourceTree = "<group>"; };
		5C5CB7B72693FB050093E1AD /* TrackModel.swift */ = {isa = PBXFileReference; lastKnownFileType = sourcecode.swift; path = TrackModel.swift; sourceTree = "<group>"; };
		5CA4BF1D2692AAE0002C3D3E /* MusicApp.app */ = {isa = PBXFileReference; explicitFileType = wrapper.application; includeInIndex = 0; path = MusicApp.app; sourceTree = BUILT_PRODUCTS_DIR; };
		5CA4BF202692AAE0002C3D3E /* AppDelegate.swift */ = {isa = PBXFileReference; lastKnownFileType = sourcecode.swift; path = AppDelegate.swift; sourceTree = "<group>"; };
		5CA4BF222692AAE0002C3D3E /* SceneDelegate.swift */ = {isa = PBXFileReference; lastKnownFileType = sourcecode.swift; path = SceneDelegate.swift; sourceTree = "<group>"; };
		5CA4BF242692AAE0002C3D3E /* LibraryVC.swift */ = {isa = PBXFileReference; lastKnownFileType = sourcecode.swift; path = LibraryVC.swift; sourceTree = "<group>"; };
		5CA4BF292692AAE3002C3D3E /* Assets.xcassets */ = {isa = PBXFileReference; lastKnownFileType = folder.assetcatalog; path = Assets.xcassets; sourceTree = "<group>"; };
		5CA4BF2C2692AAE3002C3D3E /* Base */ = {isa = PBXFileReference; lastKnownFileType = file.storyboard; name = Base; path = Base.lproj/LaunchScreen.storyboard; sourceTree = "<group>"; };
		5CA4BF2E2692AAE3002C3D3E /* Info.plist */ = {isa = PBXFileReference; lastKnownFileType = text.plist.xml; path = Info.plist; sourceTree = "<group>"; };
		5CC9FDF5269405EC0071AF5E /* SearchResponse.swift */ = {isa = PBXFileReference; lastKnownFileType = sourcecode.swift; path = SearchResponse.swift; sourceTree = "<group>"; };
		5CC9FE262697EF5A0071AF5E /* NetworkService.swift */ = {isa = PBXFileReference; lastKnownFileType = sourcecode.swift; path = NetworkService.swift; sourceTree = "<group>"; };
		5CF797262692BC6000582FF0 /* MainTabBarVC.swift */ = {isa = PBXFileReference; lastKnownFileType = sourcecode.swift; path = MainTabBarVC.swift; sourceTree = "<group>"; };
		5CF8B8A42697F51F0075B7AC /* SearchPresenter.swift */ = {isa = PBXFileReference; lastKnownFileType = sourcecode.swift; path = SearchPresenter.swift; sourceTree = "<group>"; };
		5CF8B8A52697F51F0075B7AC /* SearchWorker.swift */ = {isa = PBXFileReference; lastKnownFileType = sourcecode.swift; path = SearchWorker.swift; sourceTree = "<group>"; };
		5CF8B8A62697F51F0075B7AC /* SearchRouter.swift */ = {isa = PBXFileReference; lastKnownFileType = sourcecode.swift; path = SearchRouter.swift; sourceTree = "<group>"; };
		5CF8B8A72697F51F0075B7AC /* SearchModels.swift */ = {isa = PBXFileReference; lastKnownFileType = sourcecode.swift; path = SearchModels.swift; sourceTree = "<group>"; };
		5CF8B8A82697F51F0075B7AC /* SearchViewController.swift */ = {isa = PBXFileReference; lastKnownFileType = sourcecode.swift; path = SearchViewController.swift; sourceTree = "<group>"; };
		5CF8B8A92697F51F0075B7AC /* SearchInteractor.swift */ = {isa = PBXFileReference; lastKnownFileType = sourcecode.swift; path = SearchInteractor.swift; sourceTree = "<group>"; };
		5CF8B8B42697F6860075B7AC /* SearchViewController.storyboard */ = {isa = PBXFileReference; lastKnownFileType = file.storyboard; path = SearchViewController.storyboard; sourceTree = "<group>"; };
		5CF8B8BA2697F9080075B7AC /* UIViewController+Storyboard.swift */ = {isa = PBXFileReference; lastKnownFileType = sourcecode.swift; path = "UIViewController+Storyboard.swift"; sourceTree = "<group>"; };
		738E22C84819792027048254 /* Pods-MusicApp.debug.xcconfig */ = {isa = PBXFileReference; includeInIndex = 1; lastKnownFileType = text.xcconfig; name = "Pods-MusicApp.debug.xcconfig"; path = "Target Support Files/Pods-MusicApp/Pods-MusicApp.debug.xcconfig"; sourceTree = "<group>"; };
		CE7C0E85A9FA4451100EDE12 /* Pods-MusicApp.release.xcconfig */ = {isa = PBXFileReference; includeInIndex = 1; lastKnownFileType = text.xcconfig; name = "Pods-MusicApp.release.xcconfig"; path = "Target Support Files/Pods-MusicApp/Pods-MusicApp.release.xcconfig"; sourceTree = "<group>"; };
		D5779A22197A61DA05A94173 /* libPods-MusicApp.a */ = {isa = PBXFileReference; explicitFileType = archive.ar; includeInIndex = 0; path = "libPods-MusicApp.a"; sourceTree = BUILT_PRODUCTS_DIR; };
/* End PBXFileReference section */

/* Begin PBXFrameworksBuildPhase section */
		5CA4BF1A2692AAE0002C3D3E /* Frameworks */ = {
			isa = PBXFrameworksBuildPhase;
			buildActionMask = 2147483647;
			files = (
				AE10D238C3AE1F479EFC8D25 /* libPods-MusicApp.a in Frameworks */,
			);
			runOnlyForDeploymentPostprocessing = 0;
		};
/* End PBXFrameworksBuildPhase section */

/* Begin PBXGroup section */
		04427741269BEBC500B6CD66 /* Cells */ = {
			isa = PBXGroup;
			children = (
				04427742269BEBD500B6CD66 /* TrackCell.swift */,
			);
			path = Cells;
			sourceTree = "<group>";
		};
		0463BE92269C08DE0087FEF8 /* Views */ = {
			isa = PBXGroup;
			children = (
				0463BE90269C08D80087FEF8 /* ZeroDataView.swift */,
				0463BE93269C0AE30087FEF8 /* SearchFooterView.swift */,
			);
			path = Views;
			sourceTree = "<group>";
		};
		12CCB63CF8F86A20A6913C5A /* Frameworks */ = {
			isa = PBXGroup;
			children = (
				D5779A22197A61DA05A94173 /* libPods-MusicApp.a */,
			);
			name = Frameworks;
			sourceTree = "<group>";
		};
		274495D35DAFF2E8C6DD17B3 /* Pods */ = {
			isa = PBXGroup;
			children = (
				738E22C84819792027048254 /* Pods-MusicApp.debug.xcconfig */,
				CE7C0E85A9FA4451100EDE12 /* Pods-MusicApp.release.xcconfig */,
			);
			path = Pods;
			sourceTree = "<group>";
		};
		5C054B0C269CAF2E00B42E76 /* TrackDetailView */ = {
			isa = PBXGroup;
			children = (
				5C054B0D269CAF5000B42E76 /* TrackDetailsView.swift */,
				5C054B35269CB33500B42E76 /* TrackDetailsVC.swift */,
			);
			path = TrackDetailView;
			sourceTree = "<group>";
		};
		5C054B38269CB47600B42E76 /* Protocols */ = {
			isa = PBXGroup;
			children = (
				5C054B88269CB9AE00B42E76 /* HasRootView.swift */,
			);
			path = Protocols;
			sourceTree = "<group>";
		};
		5CA4BF142692AAE0002C3D3E = {
			isa = PBXGroup;
			children = (
				5CA4BF1F2692AAE0002C3D3E /* MusicApp */,
				5CA4BF1E2692AAE0002C3D3E /* Products */,
				274495D35DAFF2E8C6DD17B3 /* Pods */,
				12CCB63CF8F86A20A6913C5A /* Frameworks */,
			);
			sourceTree = "<group>";
		};
		5CA4BF1E2692AAE0002C3D3E /* Products */ = {
			isa = PBXGroup;
			children = (
				5CA4BF1D2692AAE0002C3D3E /* MusicApp.app */,
			);
			name = Products;
			sourceTree = "<group>";
		};
		5CA4BF1F2692AAE0002C3D3E /* MusicApp */ = {
			isa = PBXGroup;
			children = (
				5C054B38269CB47600B42E76 /* Protocols */,
				5CF8B8B92697F8EF0075B7AC /* Extensions */,
				5CA4BF202692AAE0002C3D3E /* AppDelegate.swift */,
				5CA4BF222692AAE0002C3D3E /* SceneDelegate.swift */,
				5CC9FE2E2697F22B0071AF5E /* Services */,
				5CF8B8A32697F4BF0075B7AC /* Search */,
				5CF797262692BC6000582FF0 /* MainTabBarVC.swift */,
				5CA4BF242692AAE0002C3D3E /* LibraryVC.swift */,
				5CF7972D2692C5A700582FF0 /* SupportingFiles */,
			);
			path = MusicApp;
			sourceTree = "<group>";
		};
		5CC9FDF82694061C0071AF5E /* ResponseModels */ = {
			isa = PBXGroup;
			children = (
				5C5CB7B72693FB050093E1AD /* TrackModel.swift */,
				5CC9FDF5269405EC0071AF5E /* SearchResponse.swift */,
			);
			path = ResponseModels;
			sourceTree = "<group>";
		};
		5CC9FE2E2697F22B0071AF5E /* Services */ = {
			isa = PBXGroup;
			children = (
				5CC9FDF82694061C0071AF5E /* ResponseModels */,
				5CC9FE262697EF5A0071AF5E /* NetworkService.swift */,
			);
			path = Services;
			sourceTree = "<group>";
		};
		5CF7972D2692C5A700582FF0 /* SupportingFiles */ = {
			isa = PBXGroup;
			children = (
				5CA4BF2E2692AAE3002C3D3E /* Info.plist */,
				5CA4BF292692AAE3002C3D3E /* Assets.xcassets */,
				5CA4BF2B2692AAE3002C3D3E /* LaunchScreen.storyboard */,
			);
			path = SupportingFiles;
			sourceTree = "<group>";
		};
		5CF8B8A32697F4BF0075B7AC /* Search */ = {
			isa = PBXGroup;
			children = (
				5C054B0C269CAF2E00B42E76 /* TrackDetailView */,
				04427741269BEBC500B6CD66 /* Cells */,
				5CF8B8B42697F6860075B7AC /* SearchViewController.storyboard */,
				5CF8B8A82697F51F0075B7AC /* SearchViewController.swift */,
				5CF8B8A42697F51F0075B7AC /* SearchPresenter.swift */,
				5CF8B8A52697F51F0075B7AC /* SearchWorker.swift */,
				5CF8B8A62697F51F0075B7AC /* SearchRouter.swift */,
				5CF8B8A72697F51F0075B7AC /* SearchModels.swift */,
				5CF8B8A92697F51F0075B7AC /* SearchInteractor.swift */,
				0463BE92269C08DE0087FEF8 /* Views */,
			);
			path = Search;
			sourceTree = "<group>";
		};
		5CF8B8B92697F8EF0075B7AC /* Extensions */ = {
			isa = PBXGroup;
			children = (
				5CF8B8BA2697F9080075B7AC /* UIViewController+Storyboard.swift */,
				04427744269BEDB200B6CD66 /* CGFloat+Offset.swift */,
			);
			path = Extensions;
			sourceTree = "<group>";
		};
/* End PBXGroup section */

/* Begin PBXNativeTarget section */
		5CA4BF1C2692AAE0002C3D3E /* MusicApp */ = {
			isa = PBXNativeTarget;
			buildConfigurationList = 5CA4BF312692AAE3002C3D3E /* Build configuration list for PBXNativeTarget "MusicApp" */;
			buildPhases = (
				09CA1D88FB6B5368E55D7FCA /* [CP] Check Pods Manifest.lock */,
				5CA4BF192692AAE0002C3D3E /* Sources */,
				5CA4BF1A2692AAE0002C3D3E /* Frameworks */,
				5CA4BF1B2692AAE0002C3D3E /* Resources */,
			);
			buildRules = (
			);
			dependencies = (
			);
			name = MusicApp;
			productName = MusicApp;
			productReference = 5CA4BF1D2692AAE0002C3D3E /* MusicApp.app */;
			productType = "com.apple.product-type.application";
		};
/* End PBXNativeTarget section */

/* Begin PBXProject section */
		5CA4BF152692AAE0002C3D3E /* Project object */ = {
			isa = PBXProject;
			attributes = {
				LastSwiftUpdateCheck = 1240;
				LastUpgradeCheck = 1240;
				TargetAttributes = {
					5CA4BF1C2692AAE0002C3D3E = {
						CreatedOnToolsVersion = 12.4;
					};
				};
			};
			buildConfigurationList = 5CA4BF182692AAE0002C3D3E /* Build configuration list for PBXProject "MusicApp" */;
			compatibilityVersion = "Xcode 9.3";
			developmentRegion = en;
			hasScannedForEncodings = 0;
			knownRegions = (
				en,
				Base,
			);
			mainGroup = 5CA4BF142692AAE0002C3D3E;
			productRefGroup = 5CA4BF1E2692AAE0002C3D3E /* Products */;
			projectDirPath = "";
			projectRoot = "";
			targets = (
				5CA4BF1C2692AAE0002C3D3E /* MusicApp */,
			);
		};
/* End PBXProject section */

/* Begin PBXResourcesBuildPhase section */
		5CA4BF1B2692AAE0002C3D3E /* Resources */ = {
			isa = PBXResourcesBuildPhase;
			buildActionMask = 2147483647;
			files = (
				5CA4BF2D2692AAE3002C3D3E /* LaunchScreen.storyboard in Resources */,
				5CA4BF2A2692AAE3002C3D3E /* Assets.xcassets in Resources */,
				5CF8B8B52697F6860075B7AC /* SearchViewController.storyboard in Resources */,
			);
			runOnlyForDeploymentPostprocessing = 0;
		};
/* End PBXResourcesBuildPhase section */

/* Begin PBXShellScriptBuildPhase section */
		09CA1D88FB6B5368E55D7FCA /* [CP] Check Pods Manifest.lock */ = {
			isa = PBXShellScriptBuildPhase;
			buildActionMask = 2147483647;
			files = (
			);
			inputFileListPaths = (
			);
			inputPaths = (
				"${PODS_PODFILE_DIR_PATH}/Podfile.lock",
				"${PODS_ROOT}/Manifest.lock",
			);
			name = "[CP] Check Pods Manifest.lock";
			outputFileListPaths = (
			);
			outputPaths = (
				"$(DERIVED_FILE_DIR)/Pods-MusicApp-checkManifestLockResult.txt",
			);
			runOnlyForDeploymentPostprocessing = 0;
			shellPath = /bin/sh;
			shellScript = "diff \"${PODS_PODFILE_DIR_PATH}/Podfile.lock\" \"${PODS_ROOT}/Manifest.lock\" > /dev/null\nif [ $? != 0 ] ; then\n    # print error to STDERR\n    echo \"error: The sandbox is not in sync with the Podfile.lock. Run 'pod install' or update your CocoaPods installation.\" >&2\n    exit 1\nfi\n# This output is used by Xcode 'outputs' to avoid re-running this script phase.\necho \"SUCCESS\" > \"${SCRIPT_OUTPUT_FILE_0}\"\n";
			showEnvVarsInLog = 0;
		};
/* End PBXShellScriptBuildPhase section */

/* Begin PBXSourcesBuildPhase section */
		5CA4BF192692AAE0002C3D3E /* Sources */ = {
			isa = PBXSourcesBuildPhase;
			buildActionMask = 2147483647;
			files = (
				5CC9FDF6269405EC0071AF5E /* SearchResponse.swift in Sources */,
				04427745269BEDB200B6CD66 /* CGFloat+Offset.swift in Sources */,
				5CF8B8AC2697F51F0075B7AC /* SearchWorker.swift in Sources */,
				5C054B36269CB33500B42E76 /* TrackDetailsVC.swift in Sources */,
				5CF8B8AD2697F51F0075B7AC /* SearchRouter.swift in Sources */,
				5CA4BF252692AAE0002C3D3E /* LibraryVC.swift in Sources */,
				5CF8B8AB2697F51F0075B7AC /* SearchPresenter.swift in Sources */,
				04427743269BEBD500B6CD66 /* TrackCell.swift in Sources */,
				5CC9FE272697EF5A0071AF5E /* NetworkService.swift in Sources */,
				5CF8B8B02697F51F0075B7AC /* SearchInteractor.swift in Sources */,
				5C5CB7B82693FB050093E1AD /* TrackModel.swift in Sources */,
				5CF8B8BB2697F9080075B7AC /* UIViewController+Storyboard.swift in Sources */,
				5CF8B8AF2697F51F0075B7AC /* SearchViewController.swift in Sources */,
				5CA4BF212692AAE0002C3D3E /* AppDelegate.swift in Sources */,
				0463BE94269C0AE30087FEF8 /* SearchFooterView.swift in Sources */,
				5CA4BF232692AAE0002C3D3E /* SceneDelegate.swift in Sources */,
				5C054B89269CB9AE00B42E76 /* HasRootView.swift in Sources */,
				0463BE91269C08D80087FEF8 /* ZeroDataView.swift in Sources */,
				5C054B0E269CAF5100B42E76 /* TrackDetailsView.swift in Sources */,
				5CF797272692BC6000582FF0 /* MainTabBarVC.swift in Sources */,
				5CF8B8AE2697F51F0075B7AC /* SearchModels.swift in Sources */,
			);
			runOnlyForDeploymentPostprocessing = 0;
		};
/* End PBXSourcesBuildPhase section */

/* Begin PBXVariantGroup section */
		5CA4BF2B2692AAE3002C3D3E /* LaunchScreen.storyboard */ = {
			isa = PBXVariantGroup;
			children = (
				5CA4BF2C2692AAE3002C3D3E /* Base */,
			);
			name = LaunchScreen.storyboard;
			sourceTree = "<group>";
		};
/* End PBXVariantGroup section */

/* Begin XCBuildConfiguration section */
		5CA4BF2F2692AAE3002C3D3E /* Debug */ = {
			isa = XCBuildConfiguration;
			buildSettings = {
				ALWAYS_SEARCH_USER_PATHS = NO;
				CLANG_ANALYZER_NONNULL = YES;
				CLANG_ANALYZER_NUMBER_OBJECT_CONVERSION = YES_AGGRESSIVE;
				CLANG_CXX_LANGUAGE_STANDARD = "gnu++14";
				CLANG_CXX_LIBRARY = "libc++";
				CLANG_ENABLE_MODULES = YES;
				CLANG_ENABLE_OBJC_ARC = YES;
				CLANG_ENABLE_OBJC_WEAK = YES;
				CLANG_WARN_BLOCK_CAPTURE_AUTORELEASING = YES;
				CLANG_WARN_BOOL_CONVERSION = YES;
				CLANG_WARN_COMMA = YES;
				CLANG_WARN_CONSTANT_CONVERSION = YES;
				CLANG_WARN_DEPRECATED_OBJC_IMPLEMENTATIONS = YES;
				CLANG_WARN_DIRECT_OBJC_ISA_USAGE = YES_ERROR;
				CLANG_WARN_DOCUMENTATION_COMMENTS = YES;
				CLANG_WARN_EMPTY_BODY = YES;
				CLANG_WARN_ENUM_CONVERSION = YES;
				CLANG_WARN_INFINITE_RECURSION = YES;
				CLANG_WARN_INT_CONVERSION = YES;
				CLANG_WARN_NON_LITERAL_NULL_CONVERSION = YES;
				CLANG_WARN_OBJC_IMPLICIT_RETAIN_SELF = YES;
				CLANG_WARN_OBJC_LITERAL_CONVERSION = YES;
				CLANG_WARN_OBJC_ROOT_CLASS = YES_ERROR;
				CLANG_WARN_QUOTED_INCLUDE_IN_FRAMEWORK_HEADER = YES;
				CLANG_WARN_RANGE_LOOP_ANALYSIS = YES;
				CLANG_WARN_STRICT_PROTOTYPES = YES;
				CLANG_WARN_SUSPICIOUS_MOVE = YES;
				CLANG_WARN_UNGUARDED_AVAILABILITY = YES_AGGRESSIVE;
				CLANG_WARN_UNREACHABLE_CODE = YES;
				CLANG_WARN__DUPLICATE_METHOD_MATCH = YES;
				COPY_PHASE_STRIP = NO;
				DEBUG_INFORMATION_FORMAT = dwarf;
				ENABLE_STRICT_OBJC_MSGSEND = YES;
				ENABLE_TESTABILITY = YES;
				GCC_C_LANGUAGE_STANDARD = gnu11;
				GCC_DYNAMIC_NO_PIC = NO;
				GCC_NO_COMMON_BLOCKS = YES;
				GCC_OPTIMIZATION_LEVEL = 0;
				GCC_PREPROCESSOR_DEFINITIONS = (
					"DEBUG=1",
					"$(inherited)",
				);
				GCC_WARN_64_TO_32_BIT_CONVERSION = YES;
				GCC_WARN_ABOUT_RETURN_TYPE = YES_ERROR;
				GCC_WARN_UNDECLARED_SELECTOR = YES;
				GCC_WARN_UNINITIALIZED_AUTOS = YES_AGGRESSIVE;
				GCC_WARN_UNUSED_FUNCTION = YES;
				GCC_WARN_UNUSED_VARIABLE = YES;
				INFOPLIST_FILE = "";
				IPHONEOS_DEPLOYMENT_TARGET = 14.4;
				MTL_ENABLE_DEBUG_INFO = INCLUDE_SOURCE;
				MTL_FAST_MATH = YES;
				ONLY_ACTIVE_ARCH = YES;
				SDKROOT = iphoneos;
				SWIFT_ACTIVE_COMPILATION_CONDITIONS = DEBUG;
				SWIFT_OPTIMIZATION_LEVEL = "-Onone";
			};
			name = Debug;
		};
		5CA4BF302692AAE3002C3D3E /* Release */ = {
			isa = XCBuildConfiguration;
			buildSettings = {
				ALWAYS_SEARCH_USER_PATHS = NO;
				CLANG_ANALYZER_NONNULL = YES;
				CLANG_ANALYZER_NUMBER_OBJECT_CONVERSION = YES_AGGRESSIVE;
				CLANG_CXX_LANGUAGE_STANDARD = "gnu++14";
				CLANG_CXX_LIBRARY = "libc++";
				CLANG_ENABLE_MODULES = YES;
				CLANG_ENABLE_OBJC_ARC = YES;
				CLANG_ENABLE_OBJC_WEAK = YES;
				CLANG_WARN_BLOCK_CAPTURE_AUTORELEASING = YES;
				CLANG_WARN_BOOL_CONVERSION = YES;
				CLANG_WARN_COMMA = YES;
				CLANG_WARN_CONSTANT_CONVERSION = YES;
				CLANG_WARN_DEPRECATED_OBJC_IMPLEMENTATIONS = YES;
				CLANG_WARN_DIRECT_OBJC_ISA_USAGE = YES_ERROR;
				CLANG_WARN_DOCUMENTATION_COMMENTS = YES;
				CLANG_WARN_EMPTY_BODY = YES;
				CLANG_WARN_ENUM_CONVERSION = YES;
				CLANG_WARN_INFINITE_RECURSION = YES;
				CLANG_WARN_INT_CONVERSION = YES;
				CLANG_WARN_NON_LITERAL_NULL_CONVERSION = YES;
				CLANG_WARN_OBJC_IMPLICIT_RETAIN_SELF = YES;
				CLANG_WARN_OBJC_LITERAL_CONVERSION = YES;
				CLANG_WARN_OBJC_ROOT_CLASS = YES_ERROR;
				CLANG_WARN_QUOTED_INCLUDE_IN_FRAMEWORK_HEADER = YES;
				CLANG_WARN_RANGE_LOOP_ANALYSIS = YES;
				CLANG_WARN_STRICT_PROTOTYPES = YES;
				CLANG_WARN_SUSPICIOUS_MOVE = YES;
				CLANG_WARN_UNGUARDED_AVAILABILITY = YES_AGGRESSIVE;
				CLANG_WARN_UNREACHABLE_CODE = YES;
				CLANG_WARN__DUPLICATE_METHOD_MATCH = YES;
				COPY_PHASE_STRIP = NO;
				DEBUG_INFORMATION_FORMAT = "dwarf-with-dsym";
				ENABLE_NS_ASSERTIONS = NO;
				ENABLE_STRICT_OBJC_MSGSEND = YES;
				GCC_C_LANGUAGE_STANDARD = gnu11;
				GCC_NO_COMMON_BLOCKS = YES;
				GCC_WARN_64_TO_32_BIT_CONVERSION = YES;
				GCC_WARN_ABOUT_RETURN_TYPE = YES_ERROR;
				GCC_WARN_UNDECLARED_SELECTOR = YES;
				GCC_WARN_UNINITIALIZED_AUTOS = YES_AGGRESSIVE;
				GCC_WARN_UNUSED_FUNCTION = YES;
				GCC_WARN_UNUSED_VARIABLE = YES;
				INFOPLIST_FILE = "";
				IPHONEOS_DEPLOYMENT_TARGET = 14.4;
				MTL_ENABLE_DEBUG_INFO = NO;
				MTL_FAST_MATH = YES;
				SDKROOT = iphoneos;
				SWIFT_COMPILATION_MODE = wholemodule;
				SWIFT_OPTIMIZATION_LEVEL = "-O";
				VALIDATE_PRODUCT = YES;
			};
			name = Release;
		};
		5CA4BF322692AAE3002C3D3E /* Debug */ = {
			isa = XCBuildConfiguration;
			baseConfigurationReference = 738E22C84819792027048254 /* Pods-MusicApp.debug.xcconfig */;
			buildSettings = {
				ASSETCATALOG_COMPILER_APPICON_NAME = AppIcon;
				ASSETCATALOG_COMPILER_GLOBAL_ACCENT_COLOR_NAME = AccentColor;
				CODE_SIGN_STYLE = Automatic;
				DEVELOPMENT_TEAM = 4K2VL2BQJM;
				INFOPLIST_FILE = "$(SRCROOT)/MusicApp/SupportingFiles/Info.plist";
				LD_RUNPATH_SEARCH_PATHS = (
					"$(inherited)",
					"@executable_path/Frameworks",
				);
				PRODUCT_BUNDLE_IDENTIFIER = ru.KirillFedorov.MusicApp;
				PRODUCT_NAME = "$(TARGET_NAME)";
				SWIFT_VERSION = 5.0;
				TARGETED_DEVICE_FAMILY = "1,2";
			};
			name = Debug;
		};
		5CA4BF332692AAE3002C3D3E /* Release */ = {
			isa = XCBuildConfiguration;
			baseConfigurationReference = CE7C0E85A9FA4451100EDE12 /* Pods-MusicApp.release.xcconfig */;
			buildSettings = {
				ASSETCATALOG_COMPILER_APPICON_NAME = AppIcon;
				ASSETCATALOG_COMPILER_GLOBAL_ACCENT_COLOR_NAME = AccentColor;
				CODE_SIGN_STYLE = Automatic;
				DEVELOPMENT_TEAM = 4K2VL2BQJM;
				INFOPLIST_FILE = "$(SRCROOT)/MusicApp/SupportingFiles/Info.plist";
				LD_RUNPATH_SEARCH_PATHS = (
					"$(inherited)",
					"@executable_path/Frameworks",
				);
				PRODUCT_BUNDLE_IDENTIFIER = ru.KirillFedorov.MusicApp;
				PRODUCT_NAME = "$(TARGET_NAME)";
				SWIFT_VERSION = 5.0;
				TARGETED_DEVICE_FAMILY = "1,2";
			};
			name = Release;
		};
/* End XCBuildConfiguration section */

/* Begin XCConfigurationList section */
		5CA4BF182692AAE0002C3D3E /* Build configuration list for PBXProject "MusicApp" */ = {
			isa = XCConfigurationList;
			buildConfigurations = (
				5CA4BF2F2692AAE3002C3D3E /* Debug */,
				5CA4BF302692AAE3002C3D3E /* Release */,
			);
			defaultConfigurationIsVisible = 0;
			defaultConfigurationName = Release;
		};
		5CA4BF312692AAE3002C3D3E /* Build configuration list for PBXNativeTarget "MusicApp" */ = {
			isa = XCConfigurationList;
			buildConfigurations = (
				5CA4BF322692AAE3002C3D3E /* Debug */,
				5CA4BF332692AAE3002C3D3E /* Release */,
			);
			defaultConfigurationIsVisible = 0;
			defaultConfigurationName = Release;
		};
/* End XCConfigurationList section */
	};
	rootObject = 5CA4BF152692AAE0002C3D3E /* Project object */;
}
